# This file was autogenerated by Stack.
# You should not edit this file by hand.
# For more information, please see the documentation at:
#   https://docs.haskellstack.org/en/stable/topics/lock_files

packages:
- completed:
    hackage: encoding-0.10.1@sha256:66c52d792625f57c7dab9e9aa6aa20bacd36a1f0cd63d14b1c70436818b389a6,4432
    pantry-tree:
      sha256: 70b374ed2f567e30a79e88480ea9e6948c16c91867bc56a4dcedb71c122be60c
      size: 5403
  original:
    hackage: encoding-0.10.1
- completed:
    hackage: leb128-binary-0.1.1@sha256:a42aea832ab9e9acde8d141ccc4ae8a3c9c7c4ea5fef3bf0b5ef2a4461f7d8be,1004
    pantry-tree:
      sha256: e9cbf925f5109e94602f3e6e4513f6d692017e2cac5c10c50183d97fc3712d37
      size: 401
  original:
    hackage: leb128-binary-0.1.1
snapshots:
- completed:
    sha256: 428ec8d5ce932190d3cbe266b9eb3c175cd81e984babf876b64019e2cbe4ea68
    size: 590100
    url: https://raw.githubusercontent.com/commercialhaskell/stackage-snapshots/master/lts/18/28.yaml
  original: lts-18.28
